// !$*UTF8*$!
{
	archiveVersion = 1;
	classes = {
	};
	objectVersion = 46;
	objects = {

/* Begin PBXBuildFile section */
		C9AD8BDC1E7D9B0100AAD04D /* AppDelegate.swift in Sources */ = {isa = PBXBuildFile; fileRef = C9AD8BDB1E7D9B0100AAD04D /* AppDelegate.swift */; };
		C9AD8BDE1E7D9B0100AAD04D /* ViewController.swift in Sources */ = {isa = PBXBuildFile; fileRef = C9AD8BDD1E7D9B0100AAD04D /* ViewController.swift */; };
		C9AD8BE11E7D9B0100AAD04D /* ToDo_List.xcdatamodeld in Sources */ = {isa = PBXBuildFile; fileRef = C9AD8BDF1E7D9B0100AAD04D /* ToDo_List.xcdatamodeld */; };
		C9AD8BE31E7D9B0100AAD04D /* Assets.xcassets in Resources */ = {isa = PBXBuildFile; fileRef = C9AD8BE21E7D9B0100AAD04D /* Assets.xcassets */; };
		C9AD8BE61E7D9B0100AAD04D /* Main.storyboard in Resources */ = {isa = PBXBuildFile; fileRef = C9AD8BE41E7D9B0100AAD04D /* Main.storyboard */; };
/* End PBXBuildFile section */

/* Begin PBXFileReference section */
		C9AD8BD81E7D9B0100AAD04D /* ToDo List.app */ = {isa = PBXFileReference; explicitFileType = wrapper.application; includeInIndex = 0; path = "ToDo List.app"; sourceTree = BUILT_PRODUCTS_DIR; };
		C9AD8BDB1E7D9B0100AAD04D /* AppDelegate.swift */ = {isa = PBXFileReference; lastKnownFileType = sourcecode.swift; path = AppDelegate.swift; sourceTree = "<group>"; };
		C9AD8BDD1E7D9B0100AAD04D /* ViewController.swift */ = {isa = PBXFileReference; lastKnownFileType = sourcecode.swift; path = ViewController.swift; sourceTree = "<group>"; };
		C9AD8BE01E7D9B0100AAD04D /* ToDo_List.xcdatamodel */ = {isa = PBXFileReference; lastKnownFileType = wrapper.xcdatamodel; path = ToDo_List.xcdatamodel; sourceTree = "<group>"; };
		C9AD8BE21E7D9B0100AAD04D /* Assets.xcassets */ = {isa = PBXFileReference; lastKnownFileType = folder.assetcatalog; path = Assets.xcassets; sourceTree = "<group>"; };
		C9AD8BE51E7D9B0100AAD04D /* Base */ = {isa = PBXFileReference; lastKnownFileType = file.storyboard; name = Base; path = Base.lproj/Main.storyboard; sourceTree = "<group>"; };
		C9AD8BE71E7D9B0100AAD04D /* Info.plist */ = {isa = PBXFileReference; lastKnownFileType = text.plist.xml; path = Info.plist; sourceTree = "<group>"; };
/* End PBXFileReference section */

/* Begin PBXFrameworksBuildPhase section */
		C9AD8BD51E7D9B0100AAD04D /* Frameworks */ = {
			isa = PBXFrameworksBuildPhase;
			buildActionMask = 2147483647;
			files = (
			);
			runOnlyForDeploymentPostprocessing = 0;
		};
/* End PBXFrameworksBuildPhase section */

/* Begin PBXGroup section */
		C9AD8BCF1E7D9B0000AAD04D = {
			isa = PBXGroup;
			children = (
				C9AD8BDA1E7D9B0100AAD04D /* ToDo List */,
				C9AD8BD91E7D9B0100AAD04D /* Products */,
			);
			sourceTree = "<group>";
		};
		C9AD8BD91E7D9B0100AAD04D /* Products */ = {
			isa = PBXGroup;
			children = (
				C9AD8BD81E7D9B0100AAD04D /* ToDo List.app */,
			);
			name = Products;
			sourceTree = "<group>";
		};
		C9AD8BDA1E7D9B0100AAD04D /* ToDo List */ = {
			isa = PBXGroup;
			children = (
				C9AD8BDB1E7D9B0100AAD04D /* AppDelegate.swift */,
				C9AD8BDD1E7D9B0100AAD04D /* ViewController.swift */,
				C9AD8BE21E7D9B0100AAD04D /* Assets.xcassets */,
				C9AD8BE41E7D9B0100AAD04D /* Main.storyboard */,
				C9AD8BE71E7D9B0100AAD04D /* Info.plist */,
				C9AD8BDF1E7D9B0100AAD04D /* ToDo_List.xcdatamodeld */,
			);
			path = "ToDo List";
			sourceTree = "<group>";
		};
/* End PBXGroup section */

/* Begin PBXNativeTarget section */
		C9AD8BD71E7D9B0100AAD04D /* ToDo List */ = {
			isa = PBXNativeTarget;
			buildConfigurationList = C9AD8BEA1E7D9B0100AAD04D /* Build configuration list for PBXNativeTarget "ToDo List" */;
			buildPhases = (
				C9AD8BD41E7D9B0100AAD04D /* Sources */,
				C9AD8BD51E7D9B0100AAD04D /* Frameworks */,
				C9AD8BD61E7D9B0100AAD04D /* Resources */,
			);
			buildRules = (
			);
			dependencies = (
			);
			name = "ToDo List";
			productName = "ToDo List";
			productReference = C9AD8BD81E7D9B0100AAD04D /* ToDo List.app */;
			productType = "com.apple.product-type.application";
		};
/* End PBXNativeTarget section */

/* Begin PBXProject section */
		C9AD8BD01E7D9B0000AAD04D /* Project object */ = {
			isa = PBXProject;
			attributes = {
				LastSwiftUpdateCheck = 0820;
				LastUpgradeCheck = 0820;
				ORGANIZATIONNAME = "Mitch Guzman";
				TargetAttributes = {
					C9AD8BD71E7D9B0100AAD04D = {
						CreatedOnToolsVersion = 8.2;
						DevelopmentTeam = TCXW9323N3;
						ProvisioningStyle = Automatic;
					};
				};
			};
			buildConfigurationList = C9AD8BD31E7D9B0000AAD04D /* Build configuration list for PBXProject "ToDo List" */;
			compatibilityVersion = "Xcode 3.2";
			developmentRegion = English;
			hasScannedForEncodings = 0;
			knownRegions = (
				en,
				Base,
			);
			mainGroup = C9AD8BCF1E7D9B0000AAD04D;
			productRefGroup = C9AD8BD91E7D9B0100AAD04D /* Products */;
			projectDirPath = "";
			projectRoot = "";
			targets = (
				C9AD8BD71E7D9B0100AAD04D /* ToDo List */,
			);
		};
/* End PBXProject section */

/* Begin PBXResourcesBuildPhase section */
		C9AD8BD61E7D9B0100AAD04D /* Resources */ = {
			isa = PBXResourcesBuildPhase;
			buildActionMask = 2147483647;
			files = (
				C9AD8BE31E7D9B0100AAD04D /* Assets.xcassets in Resources */,
				C9AD8BE61E7D9B0100AAD04D /* Main.storyboard in Resources */,
			);
			runOnlyForDeploymentPostprocessing = 0;
		};
/* End PBXResourcesBuildPhase section */

/* Begin PBXSourcesBuildPhase section */
		C9AD8BD41E7D9B0100AAD04D /* Sources */ = {
			isa = PBXSourcesBuildPhase;
			buildActionMask = 2147483647;
			files = (
				C9AD8BDE1E7D9B0100AAD04D /* ViewController.swift in Sources */,
				C9AD8BDC1E7D9B0100AAD04D /* AppDelegate.swift in Sources */,
				C9AD8BE11E7D9B0100AAD04D /* ToDo_List.xcdatamodeld in Sources */,
			);
			runOnlyForDeploymentPostprocessing = 0;
		};
/* End PBXSourcesBuildPhase section */

/* Begin PBXVariantGroup section */
		C9AD8BE41E7D9B0100AAD04D /* Main.storyboard */ = {
			isa = PBXVariantGroup;
			children = (
				C9AD8BE51E7D9B0100AAD04D /* Base */,
			);
			name = Main.storyboard;
			sourceTree = "<group>";
		};
/* End PBXVariantGroup section */

/* Begin XCBuildConfiguration section */
		C9AD8BE81E7D9B0100AAD04D /* Debug */ = {
			isa = XCBuildConfiguration;
			buildSettings = {
				ALWAYS_SEARCH_USER_PATHS = NO;
				CLANG_ANALYZER_NONNULL = YES;
				CLANG_CXX_LANGUAGE_STANDARD = "gnu++0x";
				CLANG_CXX_LIBRARY = "libc++";
				CLANG_ENABLE_MODULES = YES;
				CLANG_ENABLE_OBJC_ARC = YES;
				CLANG_WARN_BOOL_CONVERSION = YES;
				CLANG_WARN_CONSTANT_CONVERSION = YES;
				CLANG_WARN_DIRECT_OBJC_ISA_USAGE = YES_ERROR;
				CLANG_WARN_DOCUMENTATION_COMMENTS = YES;
				CLANG_WARN_EMPTY_BODY = YES;
				CLANG_WARN_ENUM_CONVERSION = YES;
				CLANG_WARN_INFINITE_RECURSION = YES;
				CLANG_WARN_INT_CONVERSION = YES;
				CLANG_WARN_OBJC_ROOT_CLASS = YES_ERROR;
				CLANG_WARN_SUSPICIOUS_MOVE = YES;
				CLANG_WARN_UNREACHABLE_CODE = YES;
				CLANG_WARN__DUPLICATE_METHOD_MATCH = YES;
				CODE_SIGN_IDENTITY = "-";
				COPY_PHASE_STRIP = NO;
				DEBUG_INFORMATION_FORMAT = dwarf;
				ENABLE_STRICT_OBJC_MSGSEND = YES;
				ENABLE_TESTABILITY = YES;
				GCC_C_LANGUAGE_STANDARD = gnu99;
				GCC_DYNAMIC_NO_PIC = NO;
				GCC_NO_COMMON_BLOCKS = YES;
				GCC_OPTIMIZATION_LEVEL = 0;
				GCC_PREPROCESSOR_DEFINITIONS = (
					"DEBUG=1",
					"$(inherited)",
				);
				GCC_WARN_64_TO_32_BIT_CONVERSION = YES;
				GCC_WARN_ABOUT_RETURN_TYPE = YES_ERROR;
				GCC_WARN_UNDECLARED_SELECTOR = YES;
				GCC_WARN_UNINITIALIZED_AUTOS = YES_AGGRESSIVE;
				GCC_WARN_UNUSED_FUNCTION = YES;
				GCC_WARN_UNUSED_VARIABLE = YES;
				MACOSX_DEPLOYMENT_TARGET = 10.12;
				MTL_ENABLE_DEBUG_INFO = YES;
				ONLY_ACTIVE_ARCH = YES;
				SDKROOT = macosx;
				SWIFT_ACTIVE_COMPILATION_CONDITIONS = DEBUG;
				SWIFT_OPTIMIZATION_LEVEL = "-Onone";
			};
			name = Debug;
		};
		C9AD8BE91E7D9B0100AAD04D /* Release */ = {
			isa = XCBuildConfiguration;
			buildSettings = {
				ALWAYS_SEARCH_USER_PATHS = NO;
				CLANG_ANALYZER_NONNULL = YES;
				CLANG_CXX_LANGUAGE_STANDARD = "gnu++0x";
				CLANG_CXX_LIBRARY = "libc++";
				CLANG_ENABLE_MODULES = YES;
				CLANG_ENABLE_OBJC_ARC = YES;
				CLANG_WARN_BOOL_CONVERSION = YES;
				CLANG_WARN_CONSTANT_CONVERSION = YES;
				CLANG_WARN_DIRECT_OBJC_ISA_USAGE = YES_ERROR;
				CLANG_WARN_DOCUMENTATION_COMMENTS = YES;
				CLANG_WARN_EMPTY_BODY = YES;
				CLANG_WARN_ENUM_CONVERSION = YES;
				CLANG_WARN_INFINITE_RECURSION = YES;
				CLANG_WARN_INT_CONVERSION = YES;
				CLANG_WARN_OBJC_ROOT_CLASS = YES_ERROR;
				CLANG_WARN_SUSPICIOUS_MOVE = YES;
				CLANG_WARN_UNREACHABLE_CODE = YES;
				CLANG_WARN__DUPLICATE_METHOD_MATCH = YES;
				CODE_SIGN_IDENTITY = "-";
				COPY_PHASE_STRIP = NO;
				DEBUG_INFORMATION_FORMAT = "dwarf-with-dsym";
				ENABLE_NS_ASSERTIONS = NO;
				ENABLE_STRICT_OBJC_MSGSEND = YES;
				GCC_C_LANGUAGE_STANDARD = gnu99;
				GCC_NO_COMMON_BLOCKS = YES;
				GCC_WARN_64_TO_32_BIT_CONVERSION = YES;
				GCC_WARN_ABOUT_RETURN_TYPE = YES_ERROR;
				GCC_WARN_UNDECLARED_SELECTOR = YES;
				GCC_WARN_UNINITIALIZED_AUTOS = YES_AGGRESSIVE;
				GCC_WARN_UNUSED_FUNCTION = YES;
				GCC_WARN_UNUSED_VARIABLE = YES;
				MACOSX_DEPLOYMENT_TARGET = 10.12;
				MTL_ENABLE_DEBUG_INFO = NO;
				SDKROOT = macosx;
				SWIFT_OPTIMIZATION_LEVEL = "-Owholemodule";
			};
			name = Release;
		};
		C9AD8BEB1E7D9B0100AAD04D /* Debug */ = {
			isa = XCBuildConfiguration;
			buildSettings = {
				ASSETCATALOG_COMPILER_APPICON_NAME = AppIcon;
				COMBINE_HIDPI_IMAGES = YES;
				DEVELOPMENT_TEAM = TCXW9323N3;
				INFOPLIST_FILE = "ToDo List/Info.plist";
				LD_RUNPATH_SEARCH_PATHS = "$(inherited) @executable_path/../Frameworks";
				PRODUCT_BUNDLE_IDENTIFIER = "mgwiggle-apps.ToDo-List";
				PRODUCT_NAME = "$(TARGET_NAME)";
				SWIFT_VERSION = 3.0;
			};
			name = Debug;
		};
		C9AD8BEC1E7D9B0100AAD04D /* Release */ = {
			isa = XCBuildConfiguration;
			buildSettings = {
				ASSETCATALOG_COMPILER_APPICON_NAME = AppIcon;
				COMBINE_HIDPI_IMAGES = YES;
				DEVELOPMENT_TEAM = TCXW9323N3;
				INFOPLIST_FILE = "ToDo List/Info.plist";
				LD_RUNPATH_SEARCH_PATHS = "$(inherited) @executable_path/../Frameworks";
				PRODUCT_BUNDLE_IDENTIFIER = "mgwiggle-apps.ToDo-List";
				PRODUCT_NAME = "$(TARGET_NAME)";
				SWIFT_VERSION = 3.0;
			};
			name = Release;
		};
/* End XCBuildConfiguration section */

/* Begin XCConfigurationList section */
		C9AD8BD31E7D9B0000AAD04D /* Build configuration list for PBXProject "ToDo List" */ = {
			isa = XCConfigurationList;
			buildConfigurations = (
				C9AD8BE81E7D9B0100AAD04D /* Debug */,
				C9AD8BE91E7D9B0100AAD04D /* Release */,
			);
			defaultConfigurationIsVisible = 0;
			defaultConfigurationName = Release;
		};
		C9AD8BEA1E7D9B0100AAD04D /* Build configuration list for PBXNativeTarget "ToDo List" */ = {
			isa = XCConfigurationList;
			buildConfigurations = (
				C9AD8BEB1E7D9B0100AAD04D /* Debug */,
				C9AD8BEC1E7D9B0100AAD04D /* Release */,
			);
			defaultConfigurationIsVisible = 0;
		};
/* End XCConfigurationList section */

/* Begin XCVersionGroup section */
		C9AD8BDF1E7D9B0100AAD04D /* ToDo_List.xcdatamodeld */ = {
			isa = XCVersionGroup;
			children = (
				C9AD8BE01E7D9B0100AAD04D /* ToDo_List.xcdatamodel */,
			);
			currentVersion = C9AD8BE01E7D9B0100AAD04D /* ToDo_List.xcdatamodel */;
			path = ToDo_List.xcdatamodeld;
			sourceTree = "<group>";
			versionGroupType = wrapper.xcdatamodel;
		};
/* End XCVersionGroup section */
	};
	rootObject = C9AD8BD01E7D9B0000AAD04D /* Project object */;
}
